
Microsoft Visual Studio Solution File, Format Version 12.00
# Visual Studio Version 16
VisualStudioVersion = 16.0.30225.117
MinimumVisualStudioVersion = 10.0.40219.1
Project("{FAE04EC0-301F-11D3-BF4B-00C04F79EFBC}") = "NameSorter", "NameSorter\NameSorter.csproj", "{8091A0B8-9921-42DC-889E-9FBEF7DA8700}"
EndProject
Global
	GlobalSection(SolutionConfigurationPlatforms) = preSolution
		Debug|Any CPU = Debug|Any CPU
		Release|Any CPU = Release|Any CPU
	EndGlobalSection
	GlobalSection(ProjectConfigurationPlatforms) = postSolution
		{8091A0B8-9921-42DC-889E-9FBEF7DA8700}.Debug|Any CPU.ActiveCfg = Debug|Any CPU
		{8091A0B8-9921-42DC-889E-9FBEF7DA8700}.Debug|Any CPU.Build.0 = Debug|Any CPU
		{8091A0B8-9921-42DC-889E-9FBEF7DA8700}.Release|Any CPU.ActiveCfg = Release|Any CPU
		{8091A0B8-9921-42DC-889E-9FBEF7DA8700}.Release|Any CPU.Build.0 = Release|Any CPU
	EndGlobalSection
	GlobalSection(SolutionProperties) = preSolution
		HideSolutionNode = FALSE
	EndGlobalSection
	GlobalSection(ExtensibilityGlobals) = postSolution
		SolutionGuid = {6D241792-4E33-49B2-8C0B-992DF0AE9D79}
	EndGlobalSection
EndGlobal
